// !$*UTF8*$!
{
	archiveVersion = 1;
	classes = {
	};
	objectVersion = 50;
	objects = {

/* Begin PBXBuildFile section */
		04118E0E26DA92EF00F7CEB0 /* AppDelegate.swift in Sources */ = {isa = PBXBuildFile; fileRef = 04118E0D26DA92EF00F7CEB0 /* AppDelegate.swift */; };
		04118E1026DA92EF00F7CEB0 /* SceneDelegate.swift in Sources */ = {isa = PBXBuildFile; fileRef = 04118E0F26DA92EF00F7CEB0 /* SceneDelegate.swift */; };
		04118E1226DA92EF00F7CEB0 /* ViewController.swift in Sources */ = {isa = PBXBuildFile; fileRef = 04118E1126DA92EF00F7CEB0 /* ViewController.swift */; };
		04118E1526DA92EF00F7CEB0 /* Main.storyboard in Resources */ = {isa = PBXBuildFile; fileRef = 04118E1326DA92EF00F7CEB0 /* Main.storyboard */; };
		04118E1726DA92F000F7CEB0 /* Assets.xcassets in Resources */ = {isa = PBXBuildFile; fileRef = 04118E1626DA92F000F7CEB0 /* Assets.xcassets */; };
		04118E1A26DA92F000F7CEB0 /* LaunchScreen.storyboard in Resources */ = {isa = PBXBuildFile; fileRef = 04118E1826DA92F000F7CEB0 /* LaunchScreen.storyboard */; };
		04118E2526DA92F000F7CEB0 /* HandsOnUnitTestingTests.swift in Sources */ = {isa = PBXBuildFile; fileRef = 04118E2426DA92F000F7CEB0 /* HandsOnUnitTestingTests.swift */; };
		04118E3026DA92F000F7CEB0 /* HandsOnUnitTestingUITests.swift in Sources */ = {isa = PBXBuildFile; fileRef = 04118E2F26DA92F000F7CEB0 /* HandsOnUnitTestingUITests.swift */; };
		04118E4126DA98CF00F7CEB0 /* UserModel.swift in Sources */ = {isa = PBXBuildFile; fileRef = 04118E4026DA98CF00F7CEB0 /* UserModel.swift */; };
		04118E5526DAA50100F7CEB0 /* HandsOnUnitTestingSlowTest.swift in Sources */ = {isa = PBXBuildFile; fileRef = 04118E5426DAA50100F7CEB0 /* HandsOnUnitTestingSlowTest.swift */; };
		043C301126DB811300FD4785 /* HandsOnUnitTestingMockData.swift in Sources */ = {isa = PBXBuildFile; fileRef = 043C301026DB811300FD4785 /* HandsOnUnitTestingMockData.swift */; };
/* End PBXBuildFile section */

/* Begin PBXContainerItemProxy section */
		04118E2126DA92F000F7CEB0 /* PBXContainerItemProxy */ = {
			isa = PBXContainerItemProxy;
			containerPortal = 04118E0226DA92EF00F7CEB0 /* Project object */;
			proxyType = 1;
			remoteGlobalIDString = 04118E0926DA92EF00F7CEB0;
			remoteInfo = HandsOnUnitTesting;
		};
		04118E2C26DA92F000F7CEB0 /* PBXContainerItemProxy */ = {
			isa = PBXContainerItemProxy;
			containerPortal = 04118E0226DA92EF00F7CEB0 /* Project object */;
			proxyType = 1;
			remoteGlobalIDString = 04118E0926DA92EF00F7CEB0;
			remoteInfo = HandsOnUnitTesting;
		};
		04118E5726DAA50100F7CEB0 /* PBXContainerItemProxy */ = {
			isa = PBXContainerItemProxy;
			containerPortal = 04118E0226DA92EF00F7CEB0 /* Project object */;
			proxyType = 1;
			remoteGlobalIDString = 04118E0926DA92EF00F7CEB0;
			remoteInfo = HandsOnUnitTesting;
		};
/* End PBXContainerItemProxy section */

/* Begin PBXFileReference section */
		04118E0A26DA92EF00F7CEB0 /* HandsOnUnitTesting.app */ = {isa = PBXFileReference; explicitFileType = wrapper.application; includeInIndex = 0; path = HandsOnUnitTesting.app; sourceTree = BUILT_PRODUCTS_DIR; };
		04118E0D26DA92EF00F7CEB0 /* AppDelegate.swift */ = {isa = PBXFileReference; lastKnownFileType = sourcecode.swift; path = AppDelegate.swift; sourceTree = "<group>"; };
		04118E0F26DA92EF00F7CEB0 /* SceneDelegate.swift */ = {isa = PBXFileReference; lastKnownFileType = sourcecode.swift; path = SceneDelegate.swift; sourceTree = "<group>"; };
		04118E1126DA92EF00F7CEB0 /* ViewController.swift */ = {isa = PBXFileReference; lastKnownFileType = sourcecode.swift; path = ViewController.swift; sourceTree = "<group>"; };
		04118E1426DA92EF00F7CEB0 /* Base */ = {isa = PBXFileReference; lastKnownFileType = file.storyboard; name = Base; path = Base.lproj/Main.storyboard; sourceTree = "<group>"; };
		04118E1626DA92F000F7CEB0 /* Assets.xcassets */ = {isa = PBXFileReference; lastKnownFileType = folder.assetcatalog; path = Assets.xcassets; sourceTree = "<group>"; };
		04118E1926DA92F000F7CEB0 /* Base */ = {isa = PBXFileReference; lastKnownFileType = file.storyboard; name = Base; path = Base.lproj/LaunchScreen.storyboard; sourceTree = "<group>"; };
		04118E1B26DA92F000F7CEB0 /* Info.plist */ = {isa = PBXFileReference; lastKnownFileType = text.plist.xml; path = Info.plist; sourceTree = "<group>"; };
		04118E2026DA92F000F7CEB0 /* HandsOnUnitTestingTests.xctest */ = {isa = PBXFileReference; explicitFileType = wrapper.cfbundle; includeInIndex = 0; path = HandsOnUnitTestingTests.xctest; sourceTree = BUILT_PRODUCTS_DIR; };
		04118E2426DA92F000F7CEB0 /* HandsOnUnitTestingTests.swift */ = {isa = PBXFileReference; lastKnownFileType = sourcecode.swift; path = HandsOnUnitTestingTests.swift; sourceTree = "<group>"; };
		04118E2626DA92F000F7CEB0 /* Info.plist */ = {isa = PBXFileReference; lastKnownFileType = text.plist.xml; path = Info.plist; sourceTree = "<group>"; };
		04118E2B26DA92F000F7CEB0 /* HandsOnUnitTestingUITests.xctest */ = {isa = PBXFileReference; explicitFileType = wrapper.cfbundle; includeInIndex = 0; path = HandsOnUnitTestingUITests.xctest; sourceTree = BUILT_PRODUCTS_DIR; };
		04118E2F26DA92F000F7CEB0 /* HandsOnUnitTestingUITests.swift */ = {isa = PBXFileReference; lastKnownFileType = sourcecode.swift; path = HandsOnUnitTestingUITests.swift; sourceTree = "<group>"; };
		04118E3126DA92F000F7CEB0 /* Info.plist */ = {isa = PBXFileReference; lastKnownFileType = text.plist.xml; path = Info.plist; sourceTree = "<group>"; };
		04118E4026DA98CF00F7CEB0 /* UserModel.swift */ = {isa = PBXFileReference; lastKnownFileType = sourcecode.swift; path = UserModel.swift; sourceTree = "<group>"; };
		04118E5226DAA50100F7CEB0 /* HandsOnUnitTestingSlowTest.xctest */ = {isa = PBXFileReference; explicitFileType = wrapper.cfbundle; includeInIndex = 0; path = HandsOnUnitTestingSlowTest.xctest; sourceTree = BUILT_PRODUCTS_DIR; };
		04118E5426DAA50100F7CEB0 /* HandsOnUnitTestingSlowTest.swift */ = {isa = PBXFileReference; lastKnownFileType = sourcecode.swift; path = HandsOnUnitTestingSlowTest.swift; sourceTree = "<group>"; };
		04118E5626DAA50100F7CEB0 /* Info.plist */ = {isa = PBXFileReference; lastKnownFileType = text.plist.xml; path = Info.plist; sourceTree = "<group>"; };
		043C301026DB811300FD4785 /* HandsOnUnitTestingMockData.swift */ = {isa = PBXFileReference; lastKnownFileType = sourcecode.swift; path = HandsOnUnitTestingMockData.swift; sourceTree = "<group>"; };
/* End PBXFileReference section */

/* Begin PBXFrameworksBuildPhase section */
		04118E0726DA92EF00F7CEB0 /* Frameworks */ = {
			isa = PBXFrameworksBuildPhase;
			buildActionMask = 2147483647;
			files = (
			);
			runOnlyForDeploymentPostprocessing = 0;
		};
		04118E1D26DA92F000F7CEB0 /* Frameworks */ = {
			isa = PBXFrameworksBuildPhase;
			buildActionMask = 2147483647;
			files = (
			);
			runOnlyForDeploymentPostprocessing = 0;
		};
		04118E2826DA92F000F7CEB0 /* Frameworks */ = {
			isa = PBXFrameworksBuildPhase;
			buildActionMask = 2147483647;
			files = (
			);
			runOnlyForDeploymentPostprocessing = 0;
		};
		04118E4F26DAA50100F7CEB0 /* Frameworks */ = {
			isa = PBXFrameworksBuildPhase;
			buildActionMask = 2147483647;
			files = (
			);
			runOnlyForDeploymentPostprocessing = 0;
		};
/* End PBXFrameworksBuildPhase section */

/* Begin PBXGroup section */
		04118E0126DA92EF00F7CEB0 = {
			isa = PBXGroup;
			children = (
				04118E0C26DA92EF00F7CEB0 /* HandsOnUnitTesting */,
				04118E2326DA92F000F7CEB0 /* HandsOnUnitTestingTests */,
				04118E5326DAA50100F7CEB0 /* HandsOnUnitTestingSlowTest */,
				04118E2E26DA92F000F7CEB0 /* HandsOnUnitTestingUITests */,
				04118E0B26DA92EF00F7CEB0 /* Products */,
			);
			sourceTree = "<group>";
		};
		04118E0B26DA92EF00F7CEB0 /* Products */ = {
			isa = PBXGroup;
			children = (
				04118E0A26DA92EF00F7CEB0 /* HandsOnUnitTesting.app */,
				04118E2026DA92F000F7CEB0 /* HandsOnUnitTestingTests.xctest */,
				04118E2B26DA92F000F7CEB0 /* HandsOnUnitTestingUITests.xctest */,
				04118E5226DAA50100F7CEB0 /* HandsOnUnitTestingSlowTest.xctest */,
			);
			name = Products;
			sourceTree = "<group>";
		};
		04118E0C26DA92EF00F7CEB0 /* HandsOnUnitTesting */ = {
			isa = PBXGroup;
			children = (
				04118E0D26DA92EF00F7CEB0 /* AppDelegate.swift */,
				04118E0F26DA92EF00F7CEB0 /* SceneDelegate.swift */,
				04118E1126DA92EF00F7CEB0 /* ViewController.swift */,
				04118E1326DA92EF00F7CEB0 /* Main.storyboard */,
				04118E1626DA92F000F7CEB0 /* Assets.xcassets */,
				04118E1826DA92F000F7CEB0 /* LaunchScreen.storyboard */,
				04118E1B26DA92F000F7CEB0 /* Info.plist */,
				04118E4026DA98CF00F7CEB0 /* UserModel.swift */,
			);
			path = HandsOnUnitTesting;
			sourceTree = "<group>";
		};
		04118E2326DA92F000F7CEB0 /* HandsOnUnitTestingTests */ = {
			isa = PBXGroup;
			children = (
				043C301026DB811300FD4785 /* HandsOnUnitTestingMockData.swift */,
				04118E2426DA92F000F7CEB0 /* HandsOnUnitTestingTests.swift */,
				04118E2626DA92F000F7CEB0 /* Info.plist */,
			);
			path = HandsOnUnitTestingTests;
			sourceTree = "<group>";
		};
		04118E2E26DA92F000F7CEB0 /* HandsOnUnitTestingUITests */ = {
			isa = PBXGroup;
			children = (
				04118E2F26DA92F000F7CEB0 /* HandsOnUnitTestingUITests.swift */,
				04118E3126DA92F000F7CEB0 /* Info.plist */,
			);
			path = HandsOnUnitTestingUITests;
			sourceTree = "<group>";
		};
		04118E5326DAA50100F7CEB0 /* HandsOnUnitTestingSlowTest */ = {
			isa = PBXGroup;
			children = (
				04118E5426DAA50100F7CEB0 /* HandsOnUnitTestingSlowTest.swift */,
				04118E5626DAA50100F7CEB0 /* Info.plist */,
			);
			path = HandsOnUnitTestingSlowTest;
			sourceTree = "<group>";
		};
/* End PBXGroup section */

/* Begin PBXNativeTarget section */
		04118E0926DA92EF00F7CEB0 /* HandsOnUnitTesting */ = {
			isa = PBXNativeTarget;
			buildConfigurationList = 04118E3426DA92F000F7CEB0 /* Build configuration list for PBXNativeTarget "HandsOnUnitTesting" */;
			buildPhases = (
				04118E0626DA92EF00F7CEB0 /* Sources */,
				04118E0726DA92EF00F7CEB0 /* Frameworks */,
				04118E0826DA92EF00F7CEB0 /* Resources */,
			);
			buildRules = (
			);
			dependencies = (
			);
			name = HandsOnUnitTesting;
			productName = HandsOnUnitTesting;
			productReference = 04118E0A26DA92EF00F7CEB0 /* HandsOnUnitTesting.app */;
			productType = "com.apple.product-type.application";
		};
		04118E1F26DA92F000F7CEB0 /* HandsOnUnitTestingTests */ = {
			isa = PBXNativeTarget;
			buildConfigurationList = 04118E3726DA92F000F7CEB0 /* Build configuration list for PBXNativeTarget "HandsOnUnitTestingTests" */;
			buildPhases = (
				04118E1C26DA92F000F7CEB0 /* Sources */,
				04118E1D26DA92F000F7CEB0 /* Frameworks */,
				04118E1E26DA92F000F7CEB0 /* Resources */,
			);
			buildRules = (
			);
			dependencies = (
				04118E2226DA92F000F7CEB0 /* PBXTargetDependency */,
			);
			name = HandsOnUnitTestingTests;
			productName = HandsOnUnitTestingTests;
			productReference = 04118E2026DA92F000F7CEB0 /* HandsOnUnitTestingTests.xctest */;
			productType = "com.apple.product-type.bundle.unit-test";
		};
		04118E2A26DA92F000F7CEB0 /* HandsOnUnitTestingUITests */ = {
			isa = PBXNativeTarget;
			buildConfigurationList = 04118E3A26DA92F000F7CEB0 /* Build configuration list for PBXNativeTarget "HandsOnUnitTestingUITests" */;
			buildPhases = (
				04118E2726DA92F000F7CEB0 /* Sources */,
				04118E2826DA92F000F7CEB0 /* Frameworks */,
				04118E2926DA92F000F7CEB0 /* Resources */,
			);
			buildRules = (
			);
			dependencies = (
				04118E2D26DA92F000F7CEB0 /* PBXTargetDependency */,
			);
			name = HandsOnUnitTestingUITests;
			productName = HandsOnUnitTestingUITests;
			productReference = 04118E2B26DA92F000F7CEB0 /* HandsOnUnitTestingUITests.xctest */;
			productType = "com.apple.product-type.bundle.ui-testing";
		};
		04118E5126DAA50100F7CEB0 /* HandsOnUnitTestingSlowTest */ = {
			isa = PBXNativeTarget;
			buildConfigurationList = 04118E5926DAA50100F7CEB0 /* Build configuration list for PBXNativeTarget "HandsOnUnitTestingSlowTest" */;
			buildPhases = (
				04118E4E26DAA50100F7CEB0 /* Sources */,
				04118E4F26DAA50100F7CEB0 /* Frameworks */,
				04118E5026DAA50100F7CEB0 /* Resources */,
			);
			buildRules = (
			);
			dependencies = (
				04118E5826DAA50100F7CEB0 /* PBXTargetDependency */,
			);
			name = HandsOnUnitTestingSlowTest;
			productName = HandsOnUnitTestingSlowTest;
			productReference = 04118E5226DAA50100F7CEB0 /* HandsOnUnitTestingSlowTest.xctest */;
			productType = "com.apple.product-type.bundle.unit-test";
		};
/* End PBXNativeTarget section */

/* Begin PBXProject section */
		04118E0226DA92EF00F7CEB0 /* Project object */ = {
			isa = PBXProject;
			attributes = {
				LastSwiftUpdateCheck = 1230;
				LastUpgradeCheck = 1230;
				TargetAttributes = {
					04118E0926DA92EF00F7CEB0 = {
						CreatedOnToolsVersion = 12.3;
					};
					04118E1F26DA92F000F7CEB0 = {
						CreatedOnToolsVersion = 12.3;
						TestTargetID = 04118E0926DA92EF00F7CEB0;
					};
					04118E2A26DA92F000F7CEB0 = {
						CreatedOnToolsVersion = 12.3;
						TestTargetID = 04118E0926DA92EF00F7CEB0;
					};
					04118E5126DAA50100F7CEB0 = {
						CreatedOnToolsVersion = 12.3;
						TestTargetID = 04118E0926DA92EF00F7CEB0;
					};
				};
			};
			buildConfigurationList = 04118E0526DA92EF00F7CEB0 /* Build configuration list for PBXProject "HandsOnUnitTesting" */;
			compatibilityVersion = "Xcode 9.3";
			developmentRegion = en;
			hasScannedForEncodings = 0;
			knownRegions = (
				en,
				Base,
			);
			mainGroup = 04118E0126DA92EF00F7CEB0;
			productRefGroup = 04118E0B26DA92EF00F7CEB0 /* Products */;
			projectDirPath = "";
			projectRoot = "";
			targets = (
				04118E0926DA92EF00F7CEB0 /* HandsOnUnitTesting */,
				04118E1F26DA92F000F7CEB0 /* HandsOnUnitTestingTests */,
				04118E2A26DA92F000F7CEB0 /* HandsOnUnitTestingUITests */,
				04118E5126DAA50100F7CEB0 /* HandsOnUnitTestingSlowTest */,
			);
		};
/* End PBXProject section */

/* Begin PBXResourcesBuildPhase section */
		04118E0826DA92EF00F7CEB0 /* Resources */ = {
			isa = PBXResourcesBuildPhase;
			buildActionMask = 2147483647;
			files = (
				04118E1A26DA92F000F7CEB0 /* LaunchScreen.storyboard in Resources */,
				04118E1726DA92F000F7CEB0 /* Assets.xcassets in Resources */,
				04118E1526DA92EF00F7CEB0 /* Main.storyboard in Resources */,
			);
			runOnlyForDeploymentPostprocessing = 0;
		};
		04118E1E26DA92F000F7CEB0 /* Resources */ = {
			isa = PBXResourcesBuildPhase;
			buildActionMask = 2147483647;
			files = (
			);
			runOnlyForDeploymentPostprocessing = 0;
		};
		04118E2926DA92F000F7CEB0 /* Resources */ = {
			isa = PBXResourcesBuildPhase;
			buildActionMask = 2147483647;
			files = (
			);
			runOnlyForDeploymentPostprocessing = 0;
		};
		04118E5026DAA50100F7CEB0 /* Resources */ = {
			isa = PBXResourcesBuildPhase;
			buildActionMask = 2147483647;
			files = (
			);
			runOnlyForDeploymentPostprocessing = 0;
		};
/* End PBXResourcesBuildPhase section */

/* Begin PBXSourcesBuildPhase section */
		04118E0626DA92EF00F7CEB0 /* Sources */ = {
			isa = PBXSourcesBuildPhase;
			buildActionMask = 2147483647;
			files = (
				04118E1226DA92EF00F7CEB0 /* ViewController.swift in Sources */,
				04118E0E26DA92EF00F7CEB0 /* AppDelegate.swift in Sources */,
				04118E4126DA98CF00F7CEB0 /* UserModel.swift in Sources */,
				04118E1026DA92EF00F7CEB0 /* SceneDelegate.swift in Sources */,
			);
			runOnlyForDeploymentPostprocessing = 0;
		};
		04118E1C26DA92F000F7CEB0 /* Sources */ = {
			isa = PBXSourcesBuildPhase;
			buildActionMask = 2147483647;
			files = (
				043C301126DB811300FD4785 /* HandsOnUnitTestingMockData.swift in Sources */,
				04118E2526DA92F000F7CEB0 /* HandsOnUnitTestingTests.swift in Sources */,
			);
			runOnlyForDeploymentPostprocessing = 0;
		};
		04118E2726DA92F000F7CEB0 /* Sources */ = {
			isa = PBXSourcesBuildPhase;
			buildActionMask = 2147483647;
			files = (
				04118E3026DA92F000F7CEB0 /* HandsOnUnitTestingUITests.swift in Sources */,
			);
			runOnlyForDeploymentPostprocessing = 0;
		};
		04118E4E26DAA50100F7CEB0 /* Sources */ = {
			isa = PBXSourcesBuildPhase;
			buildActionMask = 2147483647;
			files = (
				04118E5526DAA50100F7CEB0 /* HandsOnUnitTestingSlowTest.swift in Sources */,
			);
			runOnlyForDeploymentPostprocessing = 0;
		};
/* End PBXSourcesBuildPhase section */

/* Begin PBXTargetDependency section */
		04118E2226DA92F000F7CEB0 /* PBXTargetDependency */ = {
			isa = PBXTargetDependency;
			target = 04118E0926DA92EF00F7CEB0 /* HandsOnUnitTesting */;
			targetProxy = 04118E2126DA92F000F7CEB0 /* PBXContainerItemProxy */;
		};
		04118E2D26DA92F000F7CEB0 /* PBXTargetDependency */ = {
			isa = PBXTargetDependency;
			target = 04118E0926DA92EF00F7CEB0 /* HandsOnUnitTesting */;
			targetProxy = 04118E2C26DA92F000F7CEB0 /* PBXContainerItemProxy */;
		};
		04118E5826DAA50100F7CEB0 /* PBXTargetDependency */ = {
			isa = PBXTargetDependency;
			target = 04118E0926DA92EF00F7CEB0 /* HandsOnUnitTesting */;
			targetProxy = 04118E5726DAA50100F7CEB0 /* PBXContainerItemProxy */;
		};
/* End PBXTargetDependency section */

/* Begin PBXVariantGroup section */
		04118E1326DA92EF00F7CEB0 /* Main.storyboard */ = {
			isa = PBXVariantGroup;
			children = (
				04118E1426DA92EF00F7CEB0 /* Base */,
			);
			name = Main.storyboard;
			sourceTree = "<group>";
		};
		04118E1826DA92F000F7CEB0 /* LaunchScreen.storyboard */ = {
			isa = PBXVariantGroup;
			children = (
				04118E1926DA92F000F7CEB0 /* Base */,
			);
			name = LaunchScreen.storyboard;
			sourceTree = "<group>";
		};
/* End PBXVariantGroup section */

/* Begin XCBuildConfiguration section */
		04118E3226DA92F000F7CEB0 /* Debug */ = {
			isa = XCBuildConfiguration;
			buildSettings = {
				ALWAYS_SEARCH_USER_PATHS = NO;
				CLANG_ANALYZER_NONNULL = YES;
				CLANG_ANALYZER_NUMBER_OBJECT_CONVERSION = YES_AGGRESSIVE;
				CLANG_CXX_LANGUAGE_STANDARD = "gnu++14";
				CLANG_CXX_LIBRARY = "libc++";
				CLANG_ENABLE_MODULES = YES;
				CLANG_ENABLE_OBJC_ARC = YES;
				CLANG_ENABLE_OBJC_WEAK = YES;
				CLANG_WARN_BLOCK_CAPTURE_AUTORELEASING = YES;
				CLANG_WARN_BOOL_CONVERSION = YES;
				CLANG_WARN_COMMA = YES;
				CLANG_WARN_CONSTANT_CONVERSION = YES;
				CLANG_WARN_DEPRECATED_OBJC_IMPLEMENTATIONS = YES;
				CLANG_WARN_DIRECT_OBJC_ISA_USAGE = YES_ERROR;
				CLANG_WARN_DOCUMENTATION_COMMENTS = YES;
				CLANG_WARN_EMPTY_BODY = YES;
				CLANG_WARN_ENUM_CONVERSION = YES;
				CLANG_WARN_INFINITE_RECURSION = YES;
				CLANG_WARN_INT_CONVERSION = YES;
				CLANG_WARN_NON_LITERAL_NULL_CONVERSION = YES;
				CLANG_WARN_OBJC_IMPLICIT_RETAIN_SELF = YES;
				CLANG_WARN_OBJC_LITERAL_CONVERSION = YES;
				CLANG_WARN_OBJC_ROOT_CLASS = YES_ERROR;
				CLANG_WARN_QUOTED_INCLUDE_IN_FRAMEWORK_HEADER = YES;
				CLANG_WARN_RANGE_LOOP_ANALYSIS = YES;
				CLANG_WARN_STRICT_PROTOTYPES = YES;
				CLANG_WARN_SUSPICIOUS_MOVE = YES;
				CLANG_WARN_UNGUARDED_AVAILABILITY = YES_AGGRESSIVE;
				CLANG_WARN_UNREACHABLE_CODE = YES;
				CLANG_WARN__DUPLICATE_METHOD_MATCH = YES;
				COPY_PHASE_STRIP = NO;
				DEBUG_INFORMATION_FORMAT = dwarf;
				ENABLE_STRICT_OBJC_MSGSEND = YES;
				ENABLE_TESTABILITY = YES;
				GCC_C_LANGUAGE_STANDARD = gnu11;
				GCC_DYNAMIC_NO_PIC = NO;
				GCC_NO_COMMON_BLOCKS = YES;
				GCC_OPTIMIZATION_LEVEL = 0;
				GCC_PREPROCESSOR_DEFINITIONS = (
					"DEBUG=1",
					"$(inherited)",
				);
				GCC_WARN_64_TO_32_BIT_CONVERSION = YES;
				GCC_WARN_ABOUT_RETURN_TYPE = YES_ERROR;
				GCC_WARN_UNDECLARED_SELECTOR = YES;
				GCC_WARN_UNINITIALIZED_AUTOS = YES_AGGRESSIVE;
				GCC_WARN_UNUSED_FUNCTION = YES;
				GCC_WARN_UNUSED_VARIABLE = YES;
				IPHONEOS_DEPLOYMENT_TARGET = 14.3;
				MTL_ENABLE_DEBUG_INFO = INCLUDE_SOURCE;
				MTL_FAST_MATH = YES;
				ONLY_ACTIVE_ARCH = YES;
				SDKROOT = iphoneos;
				SWIFT_ACTIVE_COMPILATION_CONDITIONS = DEBUG;
				SWIFT_OPTIMIZATION_LEVEL = "-Onone";
			};
			name = Debug;
		};
		04118E3326DA92F000F7CEB0 /* Release */ = {
			isa = XCBuildConfiguration;
			buildSettings = {
				ALWAYS_SEARCH_USER_PATHS = NO;
				CLANG_ANALYZER_NONNULL = YES;
				CLANG_ANALYZER_NUMBER_OBJECT_CONVERSION = YES_AGGRESSIVE;
				CLANG_CXX_LANGUAGE_STANDARD = "gnu++14";
				CLANG_CXX_LIBRARY = "libc++";
				CLANG_ENABLE_MODULES = YES;
				CLANG_ENABLE_OBJC_ARC = YES;
				CLANG_ENABLE_OBJC_WEAK = YES;
				CLANG_WARN_BLOCK_CAPTURE_AUTORELEASING = YES;
				CLANG_WARN_BOOL_CONVERSION = YES;
				CLANG_WARN_COMMA = YES;
				CLANG_WARN_CONSTANT_CONVERSION = YES;
				CLANG_WARN_DEPRECATED_OBJC_IMPLEMENTATIONS = YES;
				CLANG_WARN_DIRECT_OBJC_ISA_USAGE = YES_ERROR;
				CLANG_WARN_DOCUMENTATION_COMMENTS = YES;
				CLANG_WARN_EMPTY_BODY = YES;
				CLANG_WARN_ENUM_CONVERSION = YES;
				CLANG_WARN_INFINITE_RECURSION = YES;
				CLANG_WARN_INT_CONVERSION = YES;
				CLANG_WARN_NON_LITERAL_NULL_CONVERSION = YES;
				CLANG_WARN_OBJC_IMPLICIT_RETAIN_SELF = YES;
				CLANG_WARN_OBJC_LITERAL_CONVERSION = YES;
				CLANG_WARN_OBJC_ROOT_CLASS = YES_ERROR;
				CLANG_WARN_QUOTED_INCLUDE_IN_FRAMEWORK_HEADER = YES;
				CLANG_WARN_RANGE_LOOP_ANALYSIS = YES;
				CLANG_WARN_STRICT_PROTOTYPES = YES;
				CLANG_WARN_SUSPICIOUS_MOVE = YES;
				CLANG_WARN_UNGUARDED_AVAILABILITY = YES_AGGRESSIVE;
				CLANG_WARN_UNREACHABLE_CODE = YES;
				CLANG_WARN__DUPLICATE_METHOD_MATCH = YES;
				COPY_PHASE_STRIP = NO;
				DEBUG_INFORMATION_FORMAT = "dwarf-with-dsym";
				ENABLE_NS_ASSERTIONS = NO;
				ENABLE_STRICT_OBJC_MSGSEND = YES;
				GCC_C_LANGUAGE_STANDARD = gnu11;
				GCC_NO_COMMON_BLOCKS = YES;
				GCC_WARN_64_TO_32_BIT_CONVERSION = YES;
				GCC_WARN_ABOUT_RETURN_TYPE = YES_ERROR;
				GCC_WARN_UNDECLARED_SELECTOR = YES;
				GCC_WARN_UNINITIALIZED_AUTOS = YES_AGGRESSIVE;
				GCC_WARN_UNUSED_FUNCTION = YES;
				GCC_WARN_UNUSED_VARIABLE = YES;
				IPHONEOS_DEPLOYMENT_TARGET = 14.3;
				MTL_ENABLE_DEBUG_INFO = NO;
				MTL_FAST_MATH = YES;
				SDKROOT = iphoneos;
				SWIFT_COMPILATION_MODE = wholemodule;
				SWIFT_OPTIMIZATION_LEVEL = "-O";
				VALIDATE_PRODUCT = YES;
			};
			name = Release;
		};
		04118E3526DA92F000F7CEB0 /* Debug */ = {
			isa = XCBuildConfiguration;
			buildSettings = {
				ASSETCATALOG_COMPILER_APPICON_NAME = AppIcon;
				ASSETCATALOG_COMPILER_GLOBAL_ACCENT_COLOR_NAME = AccentColor;
				CODE_SIGN_STYLE = Automatic;
				DEVELOPMENT_TEAM = D3F6RWD56C;
				INFOPLIST_FILE = HandsOnUnitTesting/Info.plist;
				LD_RUNPATH_SEARCH_PATHS = (
					"$(inherited)",
					"@executable_path/Frameworks",
				);
				PRODUCT_BUNDLE_IDENTIFIER = com.sample.demo.HandsOnUnitTesting;
				PRODUCT_NAME = "$(TARGET_NAME)";
				SWIFT_VERSION = 5.0;
				TARGETED_DEVICE_FAMILY = "1,2";
			};
			name = Debug;
		};
		04118E3626DA92F000F7CEB0 /* Release */ = {
			isa = XCBuildConfiguration;
			buildSettings = {
				ASSETCATALOG_COMPILER_APPICON_NAME = AppIcon;
				ASSETCATALOG_COMPILER_GLOBAL_ACCENT_COLOR_NAME = AccentColor;
				CODE_SIGN_STYLE = Automatic;
				DEVELOPMENT_TEAM = D3F6RWD56C;
				INFOPLIST_FILE = HandsOnUnitTesting/Info.plist;
				LD_RUNPATH_SEARCH_PATHS = (
					"$(inherited)",
					"@executable_path/Frameworks",
				);
				PRODUCT_BUNDLE_IDENTIFIER = com.sample.demo.HandsOnUnitTesting;
				PRODUCT_NAME = "$(TARGET_NAME)";
				SWIFT_VERSION = 5.0;
				TARGETED_DEVICE_FAMILY = "1,2";
			};
			name = Release;
		};
		04118E3826DA92F000F7CEB0 /* Debug */ = {
			isa = XCBuildConfiguration;
			buildSettings = {
				ALWAYS_EMBED_SWIFT_STANDARD_LIBRARIES = YES;
				BUNDLE_LOADER = "$(TEST_HOST)";
				CODE_SIGN_STYLE = Automatic;
				DEVELOPMENT_TEAM = D3F6RWD56C;
				INFOPLIST_FILE = HandsOnUnitTestingTests/Info.plist;
				IPHONEOS_DEPLOYMENT_TARGET = 14.3;
				LD_RUNPATH_SEARCH_PATHS = (
					"$(inherited)",
					"@executable_path/Frameworks",
					"@loader_path/Frameworks",
				);
				PRODUCT_BUNDLE_IDENTIFIER = com.sample.demo.HandsOnUnitTestingTests;
				PRODUCT_NAME = "$(TARGET_NAME)";
				SWIFT_VERSION = 5.0;
				TARGETED_DEVICE_FAMILY = "1,2";
				TEST_HOST = "$(BUILT_PRODUCTS_DIR)/HandsOnUnitTesting.app/HandsOnUnitTesting";
			};
			name = Debug;
		};
		04118E3926DA92F000F7CEB0 /* Release */ = {
			isa = XCBuildConfiguration;
			buildSettings = {
				ALWAYS_EMBED_SWIFT_STANDARD_LIBRARIES = YES;
				BUNDLE_LOADER = "$(TEST_HOST)";
				CODE_SIGN_STYLE = Automatic;
				DEVELOPMENT_TEAM = D3F6RWD56C;
				INFOPLIST_FILE = HandsOnUnitTestingTests/Info.plist;
				IPHONEOS_DEPLOYMENT_TARGET = 14.3;
				LD_RUNPATH_SEARCH_PATHS = (
					"$(inherited)",
					"@executable_path/Frameworks",
					"@loader_path/Frameworks",
				);
				PRODUCT_BUNDLE_IDENTIFIER = com.sample.demo.HandsOnUnitTestingTests;
				PRODUCT_NAME = "$(TARGET_NAME)";
				SWIFT_VERSION = 5.0;
				TARGETED_DEVICE_FAMILY = "1,2";
				TEST_HOST = "$(BUILT_PRODUCTS_DIR)/HandsOnUnitTesting.app/HandsOnUnitTesting";
			};
			name = Release;
		};
		04118E3B26DA92F000F7CEB0 /* Debug */ = {
			isa = XCBuildConfiguration;
			buildSettings = {
				ALWAYS_EMBED_SWIFT_STANDARD_LIBRARIES = YES;
				CODE_SIGN_STYLE = Automatic;
				DEVELOPMENT_TEAM = D3F6RWD56C;
				INFOPLIST_FILE = HandsOnUnitTestingUITests/Info.plist;
				LD_RUNPATH_SEARCH_PATHS = (
					"$(inherited)",
					"@executable_path/Frameworks",
					"@loader_path/Frameworks",
				);
				PRODUCT_BUNDLE_IDENTIFIER = com.sample.demo.HandsOnUnitTestingUITests;
				PRODUCT_NAME = "$(TARGET_NAME)";
				SWIFT_VERSION = 5.0;
				TARGETED_DEVICE_FAMILY = "1,2";
				TEST_TARGET_NAME = HandsOnUnitTesting;
			};
			name = Debug;
		};
		04118E3C26DA92F000F7CEB0 /* Release */ = {
			isa = XCBuildConfiguration;
			buildSettings = {
				ALWAYS_EMBED_SWIFT_STANDARD_LIBRARIES = YES;
				CODE_SIGN_STYLE = Automatic;
				DEVELOPMENT_TEAM = D3F6RWD56C;
				INFOPLIST_FILE = HandsOnUnitTestingUITests/Info.plist;
				LD_RUNPATH_SEARCH_PATHS = (
					"$(inherited)",
					"@executable_path/Frameworks",
					"@loader_path/Frameworks",
				);
				PRODUCT_BUNDLE_IDENTIFIER = com.sample.demo.HandsOnUnitTestingUITests;
				PRODUCT_NAME = "$(TARGET_NAME)";
				SWIFT_VERSION = 5.0;
				TARGETED_DEVICE_FAMILY = "1,2";
				TEST_TARGET_NAME = HandsOnUnitTesting;
			};
			name = Release;
		};
		04118E5A26DAA50100F7CEB0 /* Debug */ = {
			isa = XCBuildConfiguration;
			buildSettings = {
				BUNDLE_LOADER = "$(TEST_HOST)";
				CODE_SIGN_STYLE = Automatic;
				DEVELOPMENT_TEAM = D3F6RWD56C;
				INFOPLIST_FILE = HandsOnUnitTestingSlowTest/Info.plist;
				LD_RUNPATH_SEARCH_PATHS = (
					"$(inherited)",
					"@executable_path/Frameworks",
					"@loader_path/Frameworks",
				);
				PRODUCT_BUNDLE_IDENTIFIER = com.sample.demo.HandsOnUnitTestingSlowTest;
				PRODUCT_NAME = "$(TARGET_NAME)";
				SWIFT_VERSION = 5.0;
				TARGETED_DEVICE_FAMILY = "1,2";
				TEST_HOST = "$(BUILT_PRODUCTS_DIR)/HandsOnUnitTesting.app/HandsOnUnitTesting";
			};
			name = Debug;
		};
		04118E5B26DAA50100F7CEB0 /* Release */ = {
			isa = XCBuildConfiguration;
			buildSettings = {
				BUNDLE_LOADER = "$(TEST_HOST)";
				CODE_SIGN_STYLE = Automatic;
				DEVELOPMENT_TEAM = D3F6RWD56C;
				INFOPLIST_FILE = HandsOnUnitTestingSlowTest/Info.plist;
				LD_RUNPATH_SEARCH_PATHS = (
					"$(inherited)",
					"@executable_path/Frameworks",
					"@loader_path/Frameworks",
				);
				PRODUCT_BUNDLE_IDENTIFIER = com.sample.demo.HandsOnUnitTestingSlowTest;
				PRODUCT_NAME = "$(TARGET_NAME)";
				SWIFT_VERSION = 5.0;
				TARGETED_DEVICE_FAMILY = "1,2";
				TEST_HOST = "$(BUILT_PRODUCTS_DIR)/HandsOnUnitTesting.app/HandsOnUnitTesting";
			};
			name = Release;
		};
/* End XCBuildConfiguration section */

/* Begin XCConfigurationList section */
		04118E0526DA92EF00F7CEB0 /* Build configuration list for PBXProject "HandsOnUnitTesting" */ = {
			isa = XCConfigurationList;
			buildConfigurations = (
				04118E3226DA92F000F7CEB0 /* Debug */,
				04118E3326DA92F000F7CEB0 /* Release */,
			);
			defaultConfigurationIsVisible = 0;
			defaultConfigurationName = Release;
		};
		04118E3426DA92F000F7CEB0 /* Build configuration list for PBXNativeTarget "HandsOnUnitTesting" */ = {
			isa = XCConfigurationList;
			buildConfigurations = (
				04118E3526DA92F000F7CEB0 /* Debug */,
				04118E3626DA92F000F7CEB0 /* Release */,
			);
			defaultConfigurationIsVisible = 0;
			defaultConfigurationName = Release;
		};
		04118E3726DA92F000F7CEB0 /* Build configuration list for PBXNativeTarget "HandsOnUnitTestingTests" */ = {
			isa = XCConfigurationList;
			buildConfigurations = (
				04118E3826DA92F000F7CEB0 /* Debug */,
				04118E3926DA92F000F7CEB0 /* Release */,
			);
			defaultConfigurationIsVisible = 0;
			defaultConfigurationName = Release;
		};
		04118E3A26DA92F000F7CEB0 /* Build configuration list for PBXNativeTarget "HandsOnUnitTestingUITests" */ = {
			isa = XCConfigurationList;
			buildConfigurations = (
				04118E3B26DA92F000F7CEB0 /* Debug */,
				04118E3C26DA92F000F7CEB0 /* Release */,
			);
			defaultConfigurationIsVisible = 0;
			defaultConfigurationName = Release;
		};
		04118E5926DAA50100F7CEB0 /* Build configuration list for PBXNativeTarget "HandsOnUnitTestingSlowTest" */ = {
			isa = XCConfigurationList;
			buildConfigurations = (
				04118E5A26DAA50100F7CEB0 /* Debug */,
				04118E5B26DAA50100F7CEB0 /* Release */,
			);
			defaultConfigurationIsVisible = 0;
			defaultConfigurationName = Release;
		};
/* End XCConfigurationList section */
	};
	rootObject = 04118E0226DA92EF00F7CEB0 /* Project object */;
}
